
Microsoft Visual Studio Solution File, Format Version 12.00
# Visual Studio 15
VisualStudioVersion = 15.0.27130.0
MinimumVisualStudioVersion = 10.0.40219.1
Project("{FAE04EC0-301F-11D3-BF4B-00C04F79EFBC}") = "Koshop.web", "Koshop.web\Koshop.web.csproj", "{BAB8C918-6715-4B60-B5A3-7ACC379C9ADD}"
EndProject
Project("{FAE04EC0-301F-11D3-BF4B-00C04F79EFBC}") = "Koshop.ViewModels", "Koshop.ViewModels\Koshop.ViewModels.csproj", "{487D8355-BAA9-4D65-A264-7BF122CFA62C}"
EndProject
Project("{FAE04EC0-301F-11D3-BF4B-00C04F79EFBC}") = "Koshop.ServiceLayer", "Koshop.ServiceLayer\Koshop.ServiceLayer.csproj", "{4E50D7F3-B81D-4659-85FC-EBA39F0DCF92}"
EndProject
Project("{FAE04EC0-301F-11D3-BF4B-00C04F79EFBC}") = "Koshop.DataLayer", "Koshop.DataLayer\Koshop.DataLayer.csproj", "{6AA0EE1E-A524-46BC-8B47-13C17B0357C8}"
EndProject
Project("{FAE04EC0-301F-11D3-BF4B-00C04F79EFBC}") = "Koshop.DomainClasses", "Koshop.DomainClasses\Koshop.DomainClasses.csproj", "{082F58F7-CF6A-4D9C-BA41-ADB20E98E239}"
EndProject
Global
	GlobalSection(SolutionConfigurationPlatforms) = preSolution
		Debug|Any CPU = Debug|Any CPU
		Release|Any CPU = Release|Any CPU
	EndGlobalSection
	GlobalSection(ProjectConfigurationPlatforms) = postSolution
		{BAB8C918-6715-4B60-B5A3-7ACC379C9ADD}.Debug|Any CPU.ActiveCfg = Debug|Any CPU
		{BAB8C918-6715-4B60-B5A3-7ACC379C9ADD}.Debug|Any CPU.Build.0 = Debug|Any CPU
		{BAB8C918-6715-4B60-B5A3-7ACC379C9ADD}.Release|Any CPU.ActiveCfg = Release|Any CPU
		{BAB8C918-6715-4B60-B5A3-7ACC379C9ADD}.Release|Any CPU.Build.0 = Release|Any CPU
		{487D8355-BAA9-4D65-A264-7BF122CFA62C}.Debug|Any CPU.ActiveCfg = Debug|Any CPU
		{487D8355-BAA9-4D65-A264-7BF122CFA62C}.Debug|Any CPU.Build.0 = Debug|Any CPU
		{487D8355-BAA9-4D65-A264-7BF122CFA62C}.Release|Any CPU.ActiveCfg = Release|Any CPU
		{487D8355-BAA9-4D65-A264-7BF122CFA62C}.Release|Any CPU.Build.0 = Release|Any CPU
		{4E50D7F3-B81D-4659-85FC-EBA39F0DCF92}.Debug|Any CPU.ActiveCfg = Debug|Any CPU
		{4E50D7F3-B81D-4659-85FC-EBA39F0DCF92}.Debug|Any CPU.Build.0 = Debug|Any CPU
		{4E50D7F3-B81D-4659-85FC-EBA39F0DCF92}.Release|Any CPU.ActiveCfg = Release|Any CPU
		{4E50D7F3-B81D-4659-85FC-EBA39F0DCF92}.Release|Any CPU.Build.0 = Release|Any CPU
		{6AA0EE1E-A524-46BC-8B47-13C17B0357C8}.Debug|Any CPU.ActiveCfg = Debug|Any CPU
		{6AA0EE1E-A524-46BC-8B47-13C17B0357C8}.Debug|Any CPU.Build.0 = Debug|Any CPU
		{6AA0EE1E-A524-46BC-8B47-13C17B0357C8}.Release|Any CPU.ActiveCfg = Release|Any CPU
		{6AA0EE1E-A524-46BC-8B47-13C17B0357C8}.Release|Any CPU.Build.0 = Release|Any CPU
		{082F58F7-CF6A-4D9C-BA41-ADB20E98E239}.Debug|Any CPU.ActiveCfg = Debug|Any CPU
		{082F58F7-CF6A-4D9C-BA41-ADB20E98E239}.Debug|Any CPU.Build.0 = Debug|Any CPU
		{082F58F7-CF6A-4D9C-BA41-ADB20E98E239}.Release|Any CPU.ActiveCfg = Release|Any CPU
		{082F58F7-CF6A-4D9C-BA41-ADB20E98E239}.Release|Any CPU.Build.0 = Release|Any CPU
	EndGlobalSection
	GlobalSection(SolutionProperties) = preSolution
		HideSolutionNode = FALSE
	EndGlobalSection
	GlobalSection(ExtensibilityGlobals) = postSolution
		SolutionGuid = {3D4615F9-B4C3-4B41-BDE0-5D162AD352FE}
	EndGlobalSection
EndGlobal
